{
  "version": 1,
  "dependencies": {
    "net10.0": {
      "K4os.Compression.LZ4": {
        "type": "Direct",
        "requested": "[1.3.8, )",
        "resolved": "1.3.8",
        "contentHash": "LhwlPa7c1zs1OV2XadMtAWdImjLIsqFJPoRcIWAadSRn0Ri1DepK65UbWLPmt4riLqx2d40xjXRk0ogpqNtK7g=="
      },
      "PacketDotNet": {
        "type": "Transitive",
        "resolved": "1.4.8",
        "contentHash": "j4C4QaJmaPCk0KXsIdsZqmBteKWj5znXBmfbPpu48rE5SW2xwXKVlRf7C3g7VM9aZqMHIQedApEuC71nNX5PaQ=="
      },
      "SharpPcap": {
        "type": "Transitive",
        "resolved": "6.3.1",
        "contentHash": "EWclXz+QdffBRppFR7GDBLyKiAz045RGvu4t4gcMGocVMEq6dRfCnAEx7Ep6qxcPPhH2kz13Y8FqBaHZhsh3Pg==",
        "dependencies": {
          "PacketDotNet": "1.4.8"
        }
      },
      "aion2meter.capture": {
        "type": "Project",
        "dependencies": {
          "Aion2Meter.Core": "[1.0.0, )",
          "PacketDotNet": "[1.4.8, )",
          "SharpPcap": "[6.3.1, )"
        }
      },
      "aion2meter.core": {
        "type": "Project"
      }
    }
  }
}