
Microsoft Visual Studio Solution File, Format Version 12.00
# Visual Studio Version 17
VisualStudioVersion = 17.0.31903.59
MinimumVisualStudioVersion = 10.0.40219.1
Project("{2150E333-8FDC-42A3-9474-1A3956D46DE8}") = "src", "src", "{827E0CD3-B72D-47B6-A68D-7590B98EB39B}"
EndProject
Project("{FAE04EC0-301F-11D3-BF4B-00C04F79EFBC}") = "Aion2Meter.Core", "src\Aion2Meter.Core\Aion2Meter.Core.csproj", "{A6A17082-6DBA-4471-A2E7-4D8A03C9057F}"
EndProject
Project("{FAE04EC0-301F-11D3-BF4B-00C04F79EFBC}") = "Aion2Meter.Capture", "src\Aion2Meter.Capture\Aion2Meter.Capture.csproj", "{CC2C0F45-9E35-42FC-8796-720CA2C1D00F}"
EndProject
Project("{FAE04EC0-301F-11D3-BF4B-00C04F79EFBC}") = "Aion2Meter.Replay", "src\Aion2Meter.Replay\Aion2Meter.Replay.csproj", "{8511E55D-47DB-4418-82BD-0D351CAFD6D0}"
EndProject
Project("{FAE04EC0-301F-11D3-BF4B-00C04F79EFBC}") = "Aion2Meter.App", "src\Aion2Meter.App\Aion2Meter.App.csproj", "{C6C7E95E-0ACE-4519-8D76-2C0611A85DDE}"
EndProject
Project("{2150E333-8FDC-42A3-9474-1A3956D46DE8}") = "tests", "tests", "{0AB3BF05-4346-4AA6-1389-037BE0695223}"
EndProject
Project("{FAE04EC0-301F-11D3-BF4B-00C04F79EFBC}") = "Aion2Meter.Tests", "tests\Aion2Meter.Tests\Aion2Meter.Tests.csproj", "{5E79118D-7138-4F92-9A53-1159CFF9B73E}"
EndProject
Project("{FAE04EC0-301F-11D3-BF4B-00C04F79EFBC}") = "Aion2Meter.Presentation", "src\Aion2Meter.Presentation\Aion2Meter.Presentation.csproj", "{4F639E1E-4D33-446C-9D42-879B3F21E720}"
EndProject
Project("{FAE04EC0-301F-11D3-BF4B-00C04F79EFBC}") = "Aion2Meter.App.Tests", "tests\Aion2Meter.App.Tests\Aion2Meter.App.Tests.csproj", "{3BEAA60F-02EA-4663-A27B-19302502C1EF}"
EndProject
Global
	GlobalSection(SolutionConfigurationPlatforms) = preSolution
		Debug|Any CPU = Debug|Any CPU
		Debug|x64 = Debug|x64
		Debug|x86 = Debug|x86
		Release|Any CPU = Release|Any CPU
		Release|x64 = Release|x64
		Release|x86 = Release|x86
	EndGlobalSection
	GlobalSection(ProjectConfigurationPlatforms) = postSolution
		{A6A17082-6DBA-4471-A2E7-4D8A03C9057F}.Debug|Any CPU.ActiveCfg = Debug|Any CPU
		{A6A17082-6DBA-4471-A2E7-4D8A03C9057F}.Debug|Any CPU.Build.0 = Debug|Any CPU
		{A6A17082-6DBA-4471-A2E7-4D8A03C9057F}.Debug|x64.ActiveCfg = Debug|Any CPU
		{A6A17082-6DBA-4471-A2E7-4D8A03C9057F}.Debug|x64.Build.0 = Debug|Any CPU
		{A6A17082-6DBA-4471-A2E7-4D8A03C9057F}.Debug|x86.ActiveCfg = Debug|Any CPU
		{A6A17082-6DBA-4471-A2E7-4D8A03C9057F}.Debug|x86.Build.0 = Debug|Any CPU
		{A6A17082-6DBA-4471-A2E7-4D8A03C9057F}.Release|Any CPU.ActiveCfg = Release|Any CPU
		{A6A17082-6DBA-4471-A2E7-4D8A03C9057F}.Release|Any CPU.Build.0 = Release|Any CPU
		{A6A17082-6DBA-4471-A2E7-4D8A03C9057F}.Release|x64.ActiveCfg = Release|Any CPU
		{A6A17082-6DBA-4471-A2E7-4D8A03C9057F}.Release|x64.Build.0 = Release|Any CPU
		{A6A17082-6DBA-4471-A2E7-4D8A03C9057F}.Release|x86.ActiveCfg = Release|Any CPU
		{A6A17082-6DBA-4471-A2E7-4D8A03C9057F}.Release|x86.Build.0 = Release|Any CPU
		{CC2C0F45-9E35-42FC-8796-720CA2C1D00F}.Debug|Any CPU.ActiveCfg = Debug|Any CPU
		{CC2C0F45-9E35-42FC-8796-720CA2C1D00F}.Debug|Any CPU.Build.0 = Debug|Any CPU
		{CC2C0F45-9E35-42FC-8796-720CA2C1D00F}.Debug|x64.ActiveCfg = Debug|Any CPU
		{CC2C0F45-9E35-42FC-8796-720CA2C1D00F}.Debug|x64.Build.0 = Debug|Any CPU
		{CC2C0F45-9E35-42FC-8796-720CA2C1D00F}.Debug|x86.ActiveCfg = Debug|Any CPU
		{CC2C0F45-9E35-42FC-8796-720CA2C1D00F}.Debug|x86.Build.0 = Debug|Any CPU
		{CC2C0F45-9E35-42FC-8796-720CA2C1D00F}.Release|Any CPU.ActiveCfg = Release|Any CPU
		{CC2C0F45-9E35-42FC-8796-720CA2C1D00F}.Release|Any CPU.Build.0 = Release|Any CPU
		{CC2C0F45-9E35-42FC-8796-720CA2C1D00F}.Release|x64.ActiveCfg = Release|Any CPU
		{CC2C0F45-9E35-42FC-8796-720CA2C1D00F}.Release|x64.Build.0 = Release|Any CPU
		{CC2C0F45-9E35-42FC-8796-720CA2C1D00F}.Release|x86.ActiveCfg = Release|Any CPU
		{CC2C0F45-9E35-42FC-8796-720CA2C1D00F}.Release|x86.Build.0 = Release|Any CPU
		{8511E55D-47DB-4418-82BD-0D351CAFD6D0}.Debug|Any CPU.ActiveCfg = Debug|Any CPU
		{8511E55D-47DB-4418-82BD-0D351CAFD6D0}.Debug|Any CPU.Build.0 = Debug|Any CPU
		{8511E55D-47DB-4418-82BD-0D351CAFD6D0}.Debug|x64.ActiveCfg = Debug|Any CPU
		{8511E55D-47DB-4418-82BD-0D351CAFD6D0}.Debug|x64.Build.0 = Debug|Any CPU
		{8511E55D-47DB-4418-82BD-0D351CAFD6D0}.Debug|x86.ActiveCfg = Debug|Any CPU
		{8511E55D-47DB-4418-82BD-0D351CAFD6D0}.Debug|x86.Build.0 = Debug|Any CPU
		{8511E55D-47DB-4418-82BD-0D351CAFD6D0}.Release|Any CPU.ActiveCfg = Release|Any CPU
		{8511E55D-47DB-4418-82BD-0D351CAFD6D0}.Release|Any CPU.Build.0 = Release|Any CPU
		{8511E55D-47DB-4418-82BD-0D351CAFD6D0}.Release|x64.ActiveCfg = Release|Any CPU
		{8511E55D-47DB-4418-82BD-0D351CAFD6D0}.Release|x64.Build.0 = Release|Any CPU
		{8511E55D-47DB-4418-82BD-0D351CAFD6D0}.Release|x86.ActiveCfg = Release|Any CPU
		{8511E55D-47DB-4418-82BD-0D351CAFD6D0}.Release|x86.Build.0 = Release|Any CPU
		{C6C7E95E-0ACE-4519-8D76-2C0611A85DDE}.Debug|Any CPU.ActiveCfg = Debug|Any CPU
		{C6C7E95E-0ACE-4519-8D76-2C0611A85DDE}.Debug|Any CPU.Build.0 = Debug|Any CPU
		{C6C7E95E-0ACE-4519-8D76-2C0611A85DDE}.Debug|x64.ActiveCfg = Debug|Any CPU
		{C6C7E95E-0ACE-4519-8D76-2C0611A85DDE}.Debug|x64.Build.0 = Debug|Any CPU
		{C6C7E95E-0ACE-4519-8D76-2C0611A85DDE}.Debug|x86.ActiveCfg = Debug|Any CPU
		{C6C7E95E-0ACE-4519-8D76-2C0611A85DDE}.Debug|x86.Build.0 = Debug|Any CPU
		{C6C7E95E-0ACE-4519-8D76-2C0611A85DDE}.Release|Any CPU.ActiveCfg = Release|Any CPU
		{C6C7E95E-0ACE-4519-8D76-2C0611A85DDE}.Release|Any CPU.Build.0 = Release|Any CPU
		{C6C7E95E-0ACE-4519-8D76-2C0611A85DDE}.Release|x64.ActiveCfg = Release|Any CPU
		{C6C7E95E-0ACE-4519-8D76-2C0611A85DDE}.Release|x64.Build.0 = Release|Any CPU
		{C6C7E95E-0ACE-4519-8D76-2C0611A85DDE}.Release|x86.ActiveCfg = Release|Any CPU
		{C6C7E95E-0ACE-4519-8D76-2C0611A85DDE}.Release|x86.Build.0 = Release|Any CPU
		{5E79118D-7138-4F92-9A53-1159CFF9B73E}.Debug|Any CPU.ActiveCfg = Debug|Any CPU
		{5E79118D-7138-4F92-9A53-1159CFF9B73E}.Debug|Any CPU.Build.0 = Debug|Any CPU
		{5E79118D-7138-4F92-9A53-1159CFF9B73E}.Debug|x64.ActiveCfg = Debug|Any CPU
		{5E79118D-7138-4F92-9A53-1159CFF9B73E}.Debug|x64.Build.0 = Debug|Any CPU
		{5E79118D-7138-4F92-9A53-1159CFF9B73E}.Debug|x86.ActiveCfg = Debug|Any CPU
		{5E79118D-7138-4F92-9A53-1159CFF9B73E}.Debug|x86.Build.0 = Debug|Any CPU
		{5E79118D-7138-4F92-9A53-1159CFF9B73E}.Release|Any CPU.ActiveCfg = Release|Any CPU
		{5E79118D-7138-4F92-9A53-1159CFF9B73E}.Release|Any CPU.Build.0 = Release|Any CPU
		{5E79118D-7138-4F92-9A53-1159CFF9B73E}.Release|x64.ActiveCfg = Release|Any CPU
		{5E79118D-7138-4F92-9A53-1159CFF9B73E}.Release|x64.Build.0 = Release|Any CPU
		{5E79118D-7138-4F92-9A53-1159CFF9B73E}.Release|x86.ActiveCfg = Release|Any CPU
		{5E79118D-7138-4F92-9A53-1159CFF9B73E}.Release|x86.Build.0 = Release|Any CPU
		{4F639E1E-4D33-446C-9D42-879B3F21E720}.Debug|Any CPU.ActiveCfg = Debug|Any CPU
		{4F639E1E-4D33-446C-9D42-879B3F21E720}.Debug|Any CPU.Build.0 = Debug|Any CPU
		{4F639E1E-4D33-446C-9D42-879B3F21E720}.Debug|x64.ActiveCfg = Debug|Any CPU
		{4F639E1E-4D33-446C-9D42-879B3F21E720}.Debug|x64.Build.0 = Debug|Any CPU
		{4F639E1E-4D33-446C-9D42-879B3F21E720}.Debug|x86.ActiveCfg = Debug|Any CPU
		{4F639E1E-4D33-446C-9D42-879B3F21E720}.Debug|x86.Build.0 = Debug|Any CPU
		{4F639E1E-4D33-446C-9D42-879B3F21E720}.Release|Any CPU.ActiveCfg = Release|Any CPU
		{4F639E1E-4D33-446C-9D42-879B3F21E720}.Release|Any CPU.Build.0 = Release|Any CPU
		{4F639E1E-4D33-446C-9D42-879B3F21E720}.Release|x64.ActiveCfg = Release|Any CPU
		{4F639E1E-4D33-446C-9D42-879B3F21E720}.Release|x64.Build.0 = Release|Any CPU
		{4F639E1E-4D33-446C-9D42-879B3F21E720}.Release|x86.ActiveCfg = Release|Any CPU
		{4F639E1E-4D33-446C-9D42-879B3F21E720}.Release|x86.Build.0 = Release|Any CPU
		{3BEAA60F-02EA-4663-A27B-19302502C1EF}.Debug|Any CPU.ActiveCfg = Debug|Any CPU
		{3BEAA60F-02EA-4663-A27B-19302502C1EF}.Debug|Any CPU.Build.0 = Debug|Any CPU
		{3BEAA60F-02EA-4663-A27B-19302502C1EF}.Debug|x64.ActiveCfg = Debug|Any CPU
		{3BEAA60F-02EA-4663-A27B-19302502C1EF}.Debug|x64.Build.0 = Debug|Any CPU
		{3BEAA60F-02EA-4663-A27B-19302502C1EF}.Debug|x86.ActiveCfg = Debug|Any CPU
		{3BEAA60F-02EA-4663-A27B-19302502C1EF}.Debug|x86.Build.0 = Debug|Any CPU
		{3BEAA60F-02EA-4663-A27B-19302502C1EF}.Release|Any CPU.ActiveCfg = Release|Any CPU
		{3BEAA60F-02EA-4663-A27B-19302502C1EF}.Release|Any CPU.Build.0 = Release|Any CPU
		{3BEAA60F-02EA-4663-A27B-19302502C1EF}.Release|x64.ActiveCfg = Release|Any CPU
		{3BEAA60F-02EA-4663-A27B-19302502C1EF}.Release|x64.Build.0 = Release|Any CPU
		{3BEAA60F-02EA-4663-A27B-19302502C1EF}.Release|x86.ActiveCfg = Release|Any CPU
		{3BEAA60F-02EA-4663-A27B-19302502C1EF}.Release|x86.Build.0 = Release|Any CPU
	EndGlobalSection
	GlobalSection(SolutionProperties) = preSolution
		HideSolutionNode = FALSE
	EndGlobalSection
	GlobalSection(NestedProjects) = preSolution
		{A6A17082-6DBA-4471-A2E7-4D8A03C9057F} = {827E0CD3-B72D-47B6-A68D-7590B98EB39B}
		{CC2C0F45-9E35-42FC-8796-720CA2C1D00F} = {827E0CD3-B72D-47B6-A68D-7590B98EB39B}
		{8511E55D-47DB-4418-82BD-0D351CAFD6D0} = {827E0CD3-B72D-47B6-A68D-7590B98EB39B}
		{C6C7E95E-0ACE-4519-8D76-2C0611A85DDE} = {827E0CD3-B72D-47B6-A68D-7590B98EB39B}
		{5E79118D-7138-4F92-9A53-1159CFF9B73E} = {0AB3BF05-4346-4AA6-1389-037BE0695223}
		{4F639E1E-4D33-446C-9D42-879B3F21E720} = {827E0CD3-B72D-47B6-A68D-7590B98EB39B}
		{3BEAA60F-02EA-4663-A27B-19302502C1EF} = {0AB3BF05-4346-4AA6-1389-037BE0695223}
	EndGlobalSection
EndGlobal
